
Microsoft Visual Studio Solution File, Format Version 12.00
# Visual Studio Version 17
VisualStudioVersion = 17.5.002.0
MinimumVisualStudioVersion = 10.0.40219.1
Project("{9A19103F-16F7-4668-BE54-9A1E7A4F7556}") = "BrewHub webApp", "BrewHub webApp.csproj", "{CBA88617-0D88-493A-8173-617DAF08452B}"
EndProject
Global
	GlobalSection(SolutionConfigurationPlatforms) = preSolution
		Debug|Any CPU = Debug|Any CPU
		Release|Any CPU = Release|Any CPU
	EndGlobalSection
	GlobalSection(ProjectConfigurationPlatforms) = postSolution
		{CBA88617-0D88-493A-8173-617DAF08452B}.Debug|Any CPU.ActiveCfg = Debug|Any CPU
		{CBA88617-0D88-493A-8173-617DAF08452B}.Debug|Any CPU.Build.0 = Debug|Any CPU
		{CBA88617-0D88-493A-8173-617DAF08452B}.Release|Any CPU.ActiveCfg = Release|Any CPU
		{CBA88617-0D88-493A-8173-617DAF08452B}.Release|Any CPU.Build.0 = Release|Any CPU
	EndGlobalSection
	GlobalSection(SolutionProperties) = preSolution
		HideSolutionNode = FALSE
	EndGlobalSection
	GlobalSection(ExtensibilityGlobals) = postSolution
		SolutionGuid = {46007AF1-7868-4ED5-A827-913E820B84CF}
	EndGlobalSection
EndGlobal
